
Microsoft Visual Studio Solution File, Format Version 12.00
# Visual Studio Version 16
VisualStudioVersion = 16.0.30413.136
MinimumVisualStudioVersion = 10.0.40219.1
Project("{FAE04EC0-301F-11D3-BF4B-00C04F79EFBC}") = "Temperament.Android", "Temperament\Temperament.Android\Temperament.Android.csproj", "{A6D7A85C-027C-4BFB-8681-B6BFA68DB063}"
EndProject
Project("{FAE04EC0-301F-11D3-BF4B-00C04F79EFBC}") = "Temperament", "Temperament\Temperament\Temperament.csproj", "{35215552-1E45-4E17-A180-8083FB50F674}"
EndProject
Global
	GlobalSection(SolutionConfigurationPlatforms) = preSolution
		Debug|Any CPU = Debug|Any CPU
		Release|Any CPU = Release|Any CPU
	EndGlobalSection
	GlobalSection(ProjectConfigurationPlatforms) = postSolution
		{A6D7A85C-027C-4BFB-8681-B6BFA68DB063}.Debug|Any CPU.ActiveCfg = Debug|Any CPU
		{A6D7A85C-027C-4BFB-8681-B6BFA68DB063}.Debug|Any CPU.Build.0 = Debug|Any CPU
		{A6D7A85C-027C-4BFB-8681-B6BFA68DB063}.Debug|Any CPU.Deploy.0 = Debug|Any CPU
		{A6D7A85C-027C-4BFB-8681-B6BFA68DB063}.Release|Any CPU.ActiveCfg = Release|Any CPU
		{A6D7A85C-027C-4BFB-8681-B6BFA68DB063}.Release|Any CPU.Build.0 = Release|Any CPU
		{A6D7A85C-027C-4BFB-8681-B6BFA68DB063}.Release|Any CPU.Deploy.0 = Release|Any CPU
		{35215552-1E45-4E17-A180-8083FB50F674}.Debug|Any CPU.ActiveCfg = Debug|Any CPU
		{35215552-1E45-4E17-A180-8083FB50F674}.Debug|Any CPU.Build.0 = Debug|Any CPU
		{35215552-1E45-4E17-A180-8083FB50F674}.Debug|Any CPU.Deploy.0 = Debug|Any CPU
		{35215552-1E45-4E17-A180-8083FB50F674}.Release|Any CPU.ActiveCfg = Release|Any CPU
		{35215552-1E45-4E17-A180-8083FB50F674}.Release|Any CPU.Build.0 = Release|Any CPU
		{35215552-1E45-4E17-A180-8083FB50F674}.Release|Any CPU.Deploy.0 = Release|Any CPU
	EndGlobalSection
	GlobalSection(SolutionProperties) = preSolution
		HideSolutionNode = FALSE
	EndGlobalSection
	GlobalSection(ExtensibilityGlobals) = postSolution
		SolutionGuid = {943D63DC-84A4-4676-86F5-B88AF827F46A}
	EndGlobalSection
EndGlobal
